
Microsoft Visual Studio Solution File, Format Version 12.00
# Visual Studio Version 17
VisualStudioVersion = 17.11.35303.130
MinimumVisualStudioVersion = 10.0.40219.1
Project("{FAE04EC0-301F-11D3-BF4B-00C04F79EFBC}") = "LAB04", "LAB04\LAB04.csproj", "{ABC81A88-669F-4494-82D4-647283946CC4}"
EndProject
Global
	GlobalSection(SolutionConfigurationPlatforms) = preSolution
		Debug|Any CPU = Debug|Any CPU
		Release|Any CPU = Release|Any CPU
	EndGlobalSection
	GlobalSection(ProjectConfigurationPlatforms) = postSolution
		{ABC81A88-669F-4494-82D4-647283946CC4}.Debug|Any CPU.ActiveCfg = Debug|Any CPU
		{ABC81A88-669F-4494-82D4-647283946CC4}.Debug|Any CPU.Build.0 = Debug|Any CPU
		{ABC81A88-669F-4494-82D4-647283946CC4}.Release|Any CPU.ActiveCfg = Release|Any CPU
		{ABC81A88-669F-4494-82D4-647283946CC4}.Release|Any CPU.Build.0 = Release|Any CPU
	EndGlobalSection
	GlobalSection(SolutionProperties) = preSolution
		HideSolutionNode = FALSE
	EndGlobalSection
	GlobalSection(ExtensibilityGlobals) = postSolution
		SolutionGuid = {8FF4C1F7-8589-412C-A6A8-BB9170914F8C}
	EndGlobalSection
EndGlobal
